
Microsoft Visual Studio Solution File, Format Version 12.00
# Visual Studio Version 16
VisualStudioVersion = 16.0.30517.126
MinimumVisualStudioVersion = 10.0.40219.1
Project("{FAE04EC0-301F-11D3-BF4B-00C04F79EFBC}") = "ConsoleAppTaskExamples", "ConsoleAppTaskExamples\ConsoleAppTaskExamples.csproj", "{7C6936FA-7DF6-4EF6-BA90-FFEC4170C994}"
EndProject
Global
	GlobalSection(SolutionConfigurationPlatforms) = preSolution
		Debug|Any CPU = Debug|Any CPU
		Release|Any CPU = Release|Any CPU
	EndGlobalSection
	GlobalSection(ProjectConfigurationPlatforms) = postSolution
		{7C6936FA-7DF6-4EF6-BA90-FFEC4170C994}.Debug|Any CPU.ActiveCfg = Debug|Any CPU
		{7C6936FA-7DF6-4EF6-BA90-FFEC4170C994}.Debug|Any CPU.Build.0 = Debug|Any CPU
		{7C6936FA-7DF6-4EF6-BA90-FFEC4170C994}.Release|Any CPU.ActiveCfg = Release|Any CPU
		{7C6936FA-7DF6-4EF6-BA90-FFEC4170C994}.Release|Any CPU.Build.0 = Release|Any CPU
	EndGlobalSection
	GlobalSection(SolutionProperties) = preSolution
		HideSolutionNode = FALSE
	EndGlobalSection
	GlobalSection(ExtensibilityGlobals) = postSolution
		SolutionGuid = {C2F48312-0F23-433C-A1F9-7F0CB8F47957}
	EndGlobalSection
EndGlobal
